// !$*UTF8*$!
{
	archiveVersion = 1;
	classes = {
	};
	objectVersion = 46;
	objects = {

/* Begin PBXBuildFile section */
		279A4FB62ED0185485366753 /* libPods-JDScanDemo.a in Frameworks */ = {isa = PBXBuildFile; fileRef = 7762146DC28EEA633668E5FF /* libPods-JDScanDemo.a */; };
		6935764722DC519200EF8A7A /* DemoStyle.m in Sources */ = {isa = PBXBuildFile; fileRef = 6935764622DC519200EF8A7A /* DemoStyle.m */; };
		733CF2F81EE570F300AD1DC7 /* DemoScanViewController.m in Sources */ = {isa = PBXBuildFile; fileRef = 733CF2F71EE570F300AD1DC7 /* DemoScanViewController.m */; };
		7349377C1E1F6B02007DDD7A /* libiconv.2.4.0.tbd in Frameworks */ = {isa = PBXBuildFile; fileRef = 734937741E1F6A6E007DDD7A /* libiconv.2.4.0.tbd */; };
		734E165E1E237B2F00120818 /* README.md in Sources */ = {isa = PBXBuildFile; fileRef = 734E165D1E237B2F00120818 /* README.md */; };
		7354618D1E1E402600F9F7FC /* DemoCreateBarCodeViewController.m in Sources */ = {isa = PBXBuildFile; fileRef = 7354618C1E1E402600F9F7FC /* DemoCreateBarCodeViewController.m */; };
		735461991E1E44B900F9F7FC /* UIImageView+CornerRadius.m in Sources */ = {isa = PBXBuildFile; fileRef = 735461981E1E44B900F9F7FC /* UIImageView+CornerRadius.m */; };
		73584FB21E1CD62300ED6A60 /* main.m in Sources */ = {isa = PBXBuildFile; fileRef = 73584FB11E1CD62300ED6A60 /* main.m */; };
		73584FB51E1CD62300ED6A60 /* AppDelegate.m in Sources */ = {isa = PBXBuildFile; fileRef = 73584FB41E1CD62300ED6A60 /* AppDelegate.m */; };
		73584FBD1E1CD62300ED6A60 /* Assets.xcassets in Resources */ = {isa = PBXBuildFile; fileRef = 73584FBC1E1CD62300ED6A60 /* Assets.xcassets */; };
		73584FC01E1CD62300ED6A60 /* LaunchScreen.storyboard in Resources */ = {isa = PBXBuildFile; fileRef = 73584FBE1E1CD62300ED6A60 /* LaunchScreen.storyboard */; };
		73584FF11E1CE4B900ED6A60 /* UIActionSheet+JDAlertAction.m in Sources */ = {isa = PBXBuildFile; fileRef = 73584FE81E1CE4B900ED6A60 /* UIActionSheet+JDAlertAction.m */; };
		73584FF21E1CE4B900ED6A60 /* UIAlertController+supportedInterfaceOrientations.m in Sources */ = {isa = PBXBuildFile; fileRef = 73584FEA1E1CE4B900ED6A60 /* UIAlertController+supportedInterfaceOrientations.m */; };
		73584FF31E1CE4B900ED6A60 /* UIAlertView+JDAlertAction.m in Sources */ = {isa = PBXBuildFile; fileRef = 73584FEC1E1CE4B900ED6A60 /* UIAlertView+JDAlertAction.m */; };
		73584FF51E1CE4B900ED6A60 /* JDAlertAction.m in Sources */ = {isa = PBXBuildFile; fileRef = 73584FF01E1CE4B900ED6A60 /* JDAlertAction.m */; };
		73584FF81E1CECC700ED6A60 /* DemoListTableViewController.m in Sources */ = {isa = PBXBuildFile; fileRef = 73584FF71E1CECC700ED6A60 /* DemoListTableViewController.m */; };
		735850111E1CFA5800ED6A60 /* ScanResultViewController.m in Sources */ = {isa = PBXBuildFile; fileRef = 7358500F1E1CFA5800ED6A60 /* ScanResultViewController.m */; };
		735850121E1CFA5800ED6A60 /* ScanResultViewController.xib in Resources */ = {isa = PBXBuildFile; fileRef = 735850101E1CFA5800ED6A60 /* ScanResultViewController.xib */; };
		738C86A61EA7687700689E04 /* Foundation.framework in Frameworks */ = {isa = PBXBuildFile; fileRef = 738C86A51EA7687700689E04 /* Foundation.framework */; };
		738C86A81EA7688300689E04 /* libz.1.1.3.tbd in Frameworks */ = {isa = PBXBuildFile; fileRef = 738C86A71EA7688300689E04 /* libz.1.1.3.tbd */; };
		77576ECA1FEF741F00578A6B /* JDPermissionSetting.m in Sources */ = {isa = PBXBuildFile; fileRef = 77576EB81FEF741E00578A6B /* JDPermissionSetting.m */; };
		77576ECE1FEF741F00578A6B /* JDPermissionCamera.m in Sources */ = {isa = PBXBuildFile; fileRef = 77576EBF1FEF741E00578A6B /* JDPermissionCamera.m */; };
		77576ECF1FEF741F00578A6B /* JDPermission.m in Sources */ = {isa = PBXBuildFile; fileRef = 77576EC01FEF741E00578A6B /* JDPermission.m */; };
		8D06C00822446BDC002DE116 /* JDPermissionPhotos.m in Sources */ = {isa = PBXBuildFile; fileRef = 8D06C00722446BDC002DE116 /* JDPermissionPhotos.m */; };
/* End PBXBuildFile section */

/* Begin PBXFileReference section */
		5F97635BCA44FFDC4DF76740 /* Pods-JDScanDemo.release.xcconfig */ = {isa = PBXFileReference; includeInIndex = 1; lastKnownFileType = text.xcconfig; name = "Pods-JDScanDemo.release.xcconfig"; path = "Pods/Target Support Files/Pods-JDScanDemo/Pods-JDScanDemo.release.xcconfig"; sourceTree = "<group>"; };
		6935764522DC519200EF8A7A /* DemoStyle.h */ = {isa = PBXFileReference; fileEncoding = 4; lastKnownFileType = sourcecode.c.h; path = DemoStyle.h; sourceTree = "<group>"; };
		6935764622DC519200EF8A7A /* DemoStyle.m */ = {isa = PBXFileReference; fileEncoding = 4; lastKnownFileType = sourcecode.c.objc; path = DemoStyle.m; sourceTree = "<group>"; };
		6CEC1D273563FBA3D7419E06 /* Pods-LBXScanDemo.release.xcconfig */ = {isa = PBXFileReference; includeInIndex = 1; lastKnownFileType = text.xcconfig; name = "Pods-LBXScanDemo.release.xcconfig"; path = "Pods/Target Support Files/Pods-LBXScanDemo/Pods-LBXScanDemo.release.xcconfig"; sourceTree = "<group>"; };
		733CF2F61EE570F300AD1DC7 /* DemoScanViewController.h */ = {isa = PBXFileReference; fileEncoding = 4; lastKnownFileType = sourcecode.c.h; path = DemoScanViewController.h; sourceTree = "<group>"; };
		733CF2F71EE570F300AD1DC7 /* DemoScanViewController.m */ = {isa = PBXFileReference; fileEncoding = 4; lastKnownFileType = sourcecode.c.objc; path = DemoScanViewController.m; sourceTree = "<group>"; };
		734937741E1F6A6E007DDD7A /* libiconv.2.4.0.tbd */ = {isa = PBXFileReference; lastKnownFileType = "sourcecode.text-based-dylib-definition"; name = libiconv.2.4.0.tbd; path = usr/lib/libiconv.2.4.0.tbd; sourceTree = SDKROOT; };
		734937761E1F6AA2007DDD7A /* CoreVideo.framework */ = {isa = PBXFileReference; lastKnownFileType = wrapper.framework; name = CoreVideo.framework; path = System/Library/Frameworks/CoreVideo.framework; sourceTree = SDKROOT; };
		734937781E1F6AB1007DDD7A /* QuartzCore.framework */ = {isa = PBXFileReference; lastKnownFileType = wrapper.framework; name = QuartzCore.framework; path = System/Library/Frameworks/QuartzCore.framework; sourceTree = SDKROOT; };
		7349377A1E1F6ABC007DDD7A /* CoreGraphics.framework */ = {isa = PBXFileReference; lastKnownFileType = wrapper.framework; name = CoreGraphics.framework; path = System/Library/Frameworks/CoreGraphics.framework; sourceTree = SDKROOT; };
		734E165D1E237B2F00120818 /* README.md */ = {isa = PBXFileReference; fileEncoding = 4; lastKnownFileType = net.daringfireball.markdown; name = README.md; path = ../README.md; sourceTree = "<group>"; };
		7354618B1E1E402600F9F7FC /* DemoCreateBarCodeViewController.h */ = {isa = PBXFileReference; fileEncoding = 4; lastKnownFileType = sourcecode.c.h; path = DemoCreateBarCodeViewController.h; sourceTree = "<group>"; };
		7354618C1E1E402600F9F7FC /* DemoCreateBarCodeViewController.m */ = {isa = PBXFileReference; fileEncoding = 4; lastKnownFileType = sourcecode.c.objc; path = DemoCreateBarCodeViewController.m; sourceTree = "<group>"; };
		735461971E1E44B900F9F7FC /* UIImageView+CornerRadius.h */ = {isa = PBXFileReference; fileEncoding = 4; lastKnownFileType = sourcecode.c.h; path = "UIImageView+CornerRadius.h"; sourceTree = "<group>"; };
		735461981E1E44B900F9F7FC /* UIImageView+CornerRadius.m */ = {isa = PBXFileReference; fileEncoding = 4; lastKnownFileType = sourcecode.c.objc; path = "UIImageView+CornerRadius.m"; sourceTree = "<group>"; };
		73584FAD1E1CD62300ED6A60 /* JDScanDemo.app */ = {isa = PBXFileReference; explicitFileType = wrapper.application; includeInIndex = 0; path = JDScanDemo.app; sourceTree = BUILT_PRODUCTS_DIR; };
		73584FB11E1CD62300ED6A60 /* main.m */ = {isa = PBXFileReference; lastKnownFileType = sourcecode.c.objc; path = main.m; sourceTree = "<group>"; };
		73584FB31E1CD62300ED6A60 /* AppDelegate.h */ = {isa = PBXFileReference; lastKnownFileType = sourcecode.c.h; path = AppDelegate.h; sourceTree = "<group>"; };
		73584FB41E1CD62300ED6A60 /* AppDelegate.m */ = {isa = PBXFileReference; lastKnownFileType = sourcecode.c.objc; path = AppDelegate.m; sourceTree = "<group>"; };
		73584FBC1E1CD62300ED6A60 /* Assets.xcassets */ = {isa = PBXFileReference; lastKnownFileType = folder.assetcatalog; path = Assets.xcassets; sourceTree = "<group>"; };
		73584FBF1E1CD62300ED6A60 /* Base */ = {isa = PBXFileReference; lastKnownFileType = file.storyboard; name = Base; path = Base.lproj/LaunchScreen.storyboard; sourceTree = "<group>"; };
		73584FC11E1CD62300ED6A60 /* Info.plist */ = {isa = PBXFileReference; lastKnownFileType = text.plist.xml; path = Info.plist; sourceTree = "<group>"; };
		73584FE71E1CE4B900ED6A60 /* UIActionSheet+JDAlertAction.h */ = {isa = PBXFileReference; fileEncoding = 4; lastKnownFileType = sourcecode.c.h; path = "UIActionSheet+JDAlertAction.h"; sourceTree = "<group>"; };
		73584FE81E1CE4B900ED6A60 /* UIActionSheet+JDAlertAction.m */ = {isa = PBXFileReference; fileEncoding = 4; lastKnownFileType = sourcecode.c.objc; path = "UIActionSheet+JDAlertAction.m"; sourceTree = "<group>"; };
		73584FE91E1CE4B900ED6A60 /* UIAlertController+supportedInterfaceOrientations.h */ = {isa = PBXFileReference; fileEncoding = 4; lastKnownFileType = sourcecode.c.h; path = "UIAlertController+supportedInterfaceOrientations.h"; sourceTree = "<group>"; };
		73584FEA1E1CE4B900ED6A60 /* UIAlertController+supportedInterfaceOrientations.m */ = {isa = PBXFileReference; fileEncoding = 4; lastKnownFileType = sourcecode.c.objc; path = "UIAlertController+supportedInterfaceOrientations.m"; sourceTree = "<group>"; };
		73584FEB1E1CE4B900ED6A60 /* UIAlertView+JDAlertAction.h */ = {isa = PBXFileReference; fileEncoding = 4; lastKnownFileType = sourcecode.c.h; path = "UIAlertView+JDAlertAction.h"; sourceTree = "<group>"; };
		73584FEC1E1CE4B900ED6A60 /* UIAlertView+JDAlertAction.m */ = {isa = PBXFileReference; fileEncoding = 4; lastKnownFileType = sourcecode.c.objc; path = "UIAlertView+JDAlertAction.m"; sourceTree = "<group>"; };
		73584FEF1E1CE4B900ED6A60 /* JDAlertAction.h */ = {isa = PBXFileReference; fileEncoding = 4; lastKnownFileType = sourcecode.c.h; path = JDAlertAction.h; sourceTree = "<group>"; };
		73584FF01E1CE4B900ED6A60 /* JDAlertAction.m */ = {isa = PBXFileReference; fileEncoding = 4; lastKnownFileType = sourcecode.c.objc; path = JDAlertAction.m; sourceTree = "<group>"; };
		73584FF61E1CECC700ED6A60 /* DemoListTableViewController.h */ = {isa = PBXFileReference; fileEncoding = 4; lastKnownFileType = sourcecode.c.h; path = DemoListTableViewController.h; sourceTree = "<group>"; };
		73584FF71E1CECC700ED6A60 /* DemoListTableViewController.m */ = {isa = PBXFileReference; fileEncoding = 4; lastKnownFileType = sourcecode.c.objc; path = DemoListTableViewController.m; sourceTree = "<group>"; };
		7358500E1E1CFA5800ED6A60 /* ScanResultViewController.h */ = {isa = PBXFileReference; fileEncoding = 4; lastKnownFileType = sourcecode.c.h; path = ScanResultViewController.h; sourceTree = "<group>"; };
		7358500F1E1CFA5800ED6A60 /* ScanResultViewController.m */ = {isa = PBXFileReference; fileEncoding = 4; lastKnownFileType = sourcecode.c.objc; path = ScanResultViewController.m; sourceTree = "<group>"; };
		735850101E1CFA5800ED6A60 /* ScanResultViewController.xib */ = {isa = PBXFileReference; fileEncoding = 4; lastKnownFileType = file.xib; path = ScanResultViewController.xib; sourceTree = "<group>"; };
		738C86A51EA7687700689E04 /* Foundation.framework */ = {isa = PBXFileReference; lastKnownFileType = wrapper.framework; name = Foundation.framework; path = System/Library/Frameworks/Foundation.framework; sourceTree = SDKROOT; };
		738C86A71EA7688300689E04 /* libz.1.1.3.tbd */ = {isa = PBXFileReference; lastKnownFileType = "sourcecode.text-based-dylib-definition"; name = libz.1.1.3.tbd; path = usr/lib/libz.1.1.3.tbd; sourceTree = SDKROOT; };
		739FD57D1E8F58D2007D75D3 /* zh-Hans */ = {isa = PBXFileReference; lastKnownFileType = text.plist.strings; name = "zh-Hans"; path = "zh-Hans.lproj/LaunchScreen.strings"; sourceTree = "<group>"; };
		77576EB31FEF741E00578A6B /* JDPermission.h */ = {isa = PBXFileReference; fileEncoding = 4; lastKnownFileType = sourcecode.c.h; path = JDPermission.h; sourceTree = "<group>"; };
		77576EB41FEF741E00578A6B /* JDPermissionCamera.h */ = {isa = PBXFileReference; fileEncoding = 4; lastKnownFileType = sourcecode.c.h; path = JDPermissionCamera.h; sourceTree = "<group>"; };
		77576EB81FEF741E00578A6B /* JDPermissionSetting.m */ = {isa = PBXFileReference; fileEncoding = 4; lastKnownFileType = sourcecode.c.objc; path = JDPermissionSetting.m; sourceTree = "<group>"; };
		77576EBF1FEF741E00578A6B /* JDPermissionCamera.m */ = {isa = PBXFileReference; fileEncoding = 4; lastKnownFileType = sourcecode.c.objc; path = JDPermissionCamera.m; sourceTree = "<group>"; };
		77576EC01FEF741E00578A6B /* JDPermission.m */ = {isa = PBXFileReference; fileEncoding = 4; lastKnownFileType = sourcecode.c.objc; path = JDPermission.m; sourceTree = "<group>"; };
		77576EC21FEF741E00578A6B /* JDPermissionSetting.h */ = {isa = PBXFileReference; fileEncoding = 4; lastKnownFileType = sourcecode.c.h; path = JDPermissionSetting.h; sourceTree = "<group>"; };
		7762146DC28EEA633668E5FF /* libPods-JDScanDemo.a */ = {isa = PBXFileReference; explicitFileType = archive.ar; includeInIndex = 0; path = "libPods-JDScanDemo.a"; sourceTree = BUILT_PRODUCTS_DIR; };
		8D06C00622446BDC002DE116 /* JDPermissionPhotos.h */ = {isa = PBXFileReference; fileEncoding = 4; lastKnownFileType = sourcecode.c.h; path = JDPermissionPhotos.h; sourceTree = "<group>"; };
		8D06C00722446BDC002DE116 /* JDPermissionPhotos.m */ = {isa = PBXFileReference; fileEncoding = 4; lastKnownFileType = sourcecode.c.objc; path = JDPermissionPhotos.m; sourceTree = "<group>"; };
		9C3A47C1D9790A2B13C41D80 /* Pods-JDScanDemo.debug.xcconfig */ = {isa = PBXFileReference; includeInIndex = 1; lastKnownFileType = text.xcconfig; name = "Pods-JDScanDemo.debug.xcconfig"; path = "Pods/Target Support Files/Pods-JDScanDemo/Pods-JDScanDemo.debug.xcconfig"; sourceTree = "<group>"; };
		BC33DB177441D59AF65AC025 /* Pods-LBXScanDemo.debug.xcconfig */ = {isa = PBXFileReference; includeInIndex = 1; lastKnownFileType = text.xcconfig; name = "Pods-LBXScanDemo.debug.xcconfig"; path = "Pods/Target Support Files/Pods-LBXScanDemo/Pods-LBXScanDemo.debug.xcconfig"; sourceTree = "<group>"; };
/* End PBXFileReference section */

/* Begin PBXFrameworksBuildPhase section */
		73584FAA1E1CD62300ED6A60 /* Frameworks */ = {
			isa = PBXFrameworksBuildPhase;
			buildActionMask = 2147483647;
			files = (
				738C86A81EA7688300689E04 /* libz.1.1.3.tbd in Frameworks */,
				738C86A61EA7687700689E04 /* Foundation.framework in Frameworks */,
				7349377C1E1F6B02007DDD7A /* libiconv.2.4.0.tbd in Frameworks */,
				279A4FB62ED0185485366753 /* libPods-JDScanDemo.a in Frameworks */,
			);
			runOnlyForDeploymentPostprocessing = 0;
		};
/* End PBXFrameworksBuildPhase section */

/* Begin PBXGroup section */
		734937731E1F6A6E007DDD7A /* Frameworks */ = {
			isa = PBXGroup;
			children = (
				738C86A71EA7688300689E04 /* libz.1.1.3.tbd */,
				738C86A51EA7687700689E04 /* Foundation.framework */,
				7349377A1E1F6ABC007DDD7A /* CoreGraphics.framework */,
				734937781E1F6AB1007DDD7A /* QuartzCore.framework */,
				734937761E1F6AA2007DDD7A /* CoreVideo.framework */,
				734937741E1F6A6E007DDD7A /* libiconv.2.4.0.tbd */,
				7762146DC28EEA633668E5FF /* libPods-JDScanDemo.a */,
			);
			name = Frameworks;
			sourceTree = "<group>";
		};
		735461961E1E44B900F9F7FC /* CornerRadiusCategory */ = {
			isa = PBXGroup;
			children = (
				735461971E1E44B900F9F7FC /* UIImageView+CornerRadius.h */,
				735461981E1E44B900F9F7FC /* UIImageView+CornerRadius.m */,
			);
			path = CornerRadiusCategory;
			sourceTree = "<group>";
		};
		73584FA41E1CD62300ED6A60 = {
			isa = PBXGroup;
			children = (
				734E165D1E237B2F00120818 /* README.md */,
				73584FAF1E1CD62300ED6A60 /* JDScanDemo */,
				73584FAE1E1CD62300ED6A60 /* Products */,
				734937731E1F6A6E007DDD7A /* Frameworks */,
				9EF62AFDEF0DF216F6211EF5 /* Pods */,
			);
			sourceTree = "<group>";
		};
		73584FAE1E1CD62300ED6A60 /* Products */ = {
			isa = PBXGroup;
			children = (
				73584FAD1E1CD62300ED6A60 /* JDScanDemo.app */,
			);
			name = Products;
			sourceTree = "<group>";
		};
		73584FAF1E1CD62300ED6A60 /* JDScanDemo */ = {
			isa = PBXGroup;
			children = (
				6935764522DC519200EF8A7A /* DemoStyle.h */,
				6935764622DC519200EF8A7A /* DemoStyle.m */,
				77576EAE1FEF741E00578A6B /* JDPermissions */,
				73584FB31E1CD62300ED6A60 /* AppDelegate.h */,
				73584FB41E1CD62300ED6A60 /* AppDelegate.m */,
				73584FBC1E1CD62300ED6A60 /* Assets.xcassets */,
				73584FBE1E1CD62300ED6A60 /* LaunchScreen.storyboard */,
				73584FC11E1CD62300ED6A60 /* Info.plist */,
				735461961E1E44B900F9F7FC /* CornerRadiusCategory */,
				73584FE51E1CE4B900ED6A60 /* JDAlertAction */,
				73584FB01E1CD62300ED6A60 /* Supporting Files */,
				73584FF61E1CECC700ED6A60 /* DemoListTableViewController.h */,
				73584FF71E1CECC700ED6A60 /* DemoListTableViewController.m */,
				733CF2F61EE570F300AD1DC7 /* DemoScanViewController.h */,
				733CF2F71EE570F300AD1DC7 /* DemoScanViewController.m */,
				7354618B1E1E402600F9F7FC /* DemoCreateBarCodeViewController.h */,
				7354618C1E1E402600F9F7FC /* DemoCreateBarCodeViewController.m */,
				7358500E1E1CFA5800ED6A60 /* ScanResultViewController.h */,
				7358500F1E1CFA5800ED6A60 /* ScanResultViewController.m */,
				735850101E1CFA5800ED6A60 /* ScanResultViewController.xib */,
			);
			path = JDScanDemo;
			sourceTree = "<group>";
		};
		73584FB01E1CD62300ED6A60 /* Supporting Files */ = {
			isa = PBXGroup;
			children = (
				73584FB11E1CD62300ED6A60 /* main.m */,
			);
			name = "Supporting Files";
			sourceTree = "<group>";
		};
		73584FE51E1CE4B900ED6A60 /* JDAlertAction */ = {
			isa = PBXGroup;
			children = (
				73584FE61E1CE4B900ED6A60 /* Class */,
				73584FEF1E1CE4B900ED6A60 /* JDAlertAction.h */,
				73584FF01E1CE4B900ED6A60 /* JDAlertAction.m */,
			);
			path = JDAlertAction;
			sourceTree = "<group>";
		};
		73584FE61E1CE4B900ED6A60 /* Class */ = {
			isa = PBXGroup;
			children = (
				73584FE71E1CE4B900ED6A60 /* UIActionSheet+JDAlertAction.h */,
				73584FE81E1CE4B900ED6A60 /* UIActionSheet+JDAlertAction.m */,
				73584FE91E1CE4B900ED6A60 /* UIAlertController+supportedInterfaceOrientations.h */,
				73584FEA1E1CE4B900ED6A60 /* UIAlertController+supportedInterfaceOrientations.m */,
				73584FEB1E1CE4B900ED6A60 /* UIAlertView+JDAlertAction.h */,
				73584FEC1E1CE4B900ED6A60 /* UIAlertView+JDAlertAction.m */,
			);
			path = Class;
			sourceTree = "<group>";
		};
		77576EAE1FEF741E00578A6B /* JDPermissions */ = {
			isa = PBXGroup;
			children = (
				77576EB31FEF741E00578A6B /* JDPermission.h */,
				77576EC01FEF741E00578A6B /* JDPermission.m */,
				8D06C00622446BDC002DE116 /* JDPermissionPhotos.h */,
				8D06C00722446BDC002DE116 /* JDPermissionPhotos.m */,
				77576EB41FEF741E00578A6B /* JDPermissionCamera.h */,
				77576EBF1FEF741E00578A6B /* JDPermissionCamera.m */,
				77576EC21FEF741E00578A6B /* JDPermissionSetting.h */,
				77576EB81FEF741E00578A6B /* JDPermissionSetting.m */,
			);
			path = JDPermissions;
			sourceTree = "<group>";
		};
		9EF62AFDEF0DF216F6211EF5 /* Pods */ = {
			isa = PBXGroup;
			children = (
				BC33DB177441D59AF65AC025 /* Pods-LBXScanDemo.debug.xcconfig */,
				6CEC1D273563FBA3D7419E06 /* Pods-LBXScanDemo.release.xcconfig */,
				9C3A47C1D9790A2B13C41D80 /* Pods-JDScanDemo.debug.xcconfig */,
				5F97635BCA44FFDC4DF76740 /* Pods-JDScanDemo.release.xcconfig */,
			);
			name = Pods;
			sourceTree = "<group>";
		};
/* End PBXGroup section */

/* Begin PBXNativeTarget section */
		73584FAC1E1CD62300ED6A60 /* JDScanDemo */ = {
			isa = PBXNativeTarget;
			buildConfigurationList = 73584FC41E1CD62300ED6A60 /* Build configuration list for PBXNativeTarget "JDScanDemo" */;
			buildPhases = (
				CF9BF86C6515D72A18935DE1 /* [CP] Check Pods Manifest.lock */,
				73584FA91E1CD62300ED6A60 /* Sources */,
				73584FAA1E1CD62300ED6A60 /* Frameworks */,
				73584FAB1E1CD62300ED6A60 /* Resources */,
				3AE7A79889B2D271F26AF7E1 /* [CP] Copy Pods Resources */,
			);
			buildRules = (
			);
			dependencies = (
			);
			name = JDScanDemo;
			productName = LBXScanDemo;
			productReference = 73584FAD1E1CD62300ED6A60 /* JDScanDemo.app */;
			productType = "com.apple.product-type.application";
		};
/* End PBXNativeTarget section */

/* Begin PBXProject section */
		73584FA51E1CD62300ED6A60 /* Project object */ = {
			isa = PBXProject;
			attributes = {
				LastUpgradeCheck = 0810;
				ORGANIZATIONNAME = JD;
				TargetAttributes = {
					73584FAC1E1CD62300ED6A60 = {
						CreatedOnToolsVersion = 8.1;
						DevelopmentTeam = T7HCGCDP9B;
						ProvisioningStyle = Manual;
						SystemCapabilities = {
							com.apple.BackgroundModes = {
								enabled = 1;
							};
						};
					};
				};
			};
			buildConfigurationList = 73584FA81E1CD62300ED6A60 /* Build configuration list for PBXProject "JDScanDemo" */;
			compatibilityVersion = "Xcode 3.2";
			developmentRegion = English;
			hasScannedForEncodings = 0;
			knownRegions = (
				English,
				en,
				Base,
				"zh-Hans",
			);
			mainGroup = 73584FA41E1CD62300ED6A60;
			productRefGroup = 73584FAE1E1CD62300ED6A60 /* Products */;
			projectDirPath = "";
			projectRoot = "";
			targets = (
				73584FAC1E1CD62300ED6A60 /* JDScanDemo */,
			);
		};
/* End PBXProject section */

/* Begin PBXResourcesBuildPhase section */
		73584FAB1E1CD62300ED6A60 /* Resources */ = {
			isa = PBXResourcesBuildPhase;
			buildActionMask = 2147483647;
			files = (
				735850121E1CFA5800ED6A60 /* ScanResultViewController.xib in Resources */,
				73584FC01E1CD62300ED6A60 /* LaunchScreen.storyboard in Resources */,
				73584FBD1E1CD62300ED6A60 /* Assets.xcassets in Resources */,
			);
			runOnlyForDeploymentPostprocessing = 0;
		};
/* End PBXResourcesBuildPhase section */

/* Begin PBXShellScriptBuildPhase section */
		3AE7A79889B2D271F26AF7E1 /* [CP] Copy Pods Resources */ = {
			isa = PBXShellScriptBuildPhase;
			buildActionMask = 2147483647;
			files = (
			);
			inputPaths = (
				"${PODS_ROOT}/Target Support Files/Pods-JDScanDemo/Pods-JDScanDemo-resources.sh",
				"${PODS_ROOT}/../../JDScan/UI/CodeScan.bundle",
			);
			name = "[CP] Copy Pods Resources";
			outputPaths = (
				"${TARGET_BUILD_DIR}/${UNLOCALIZED_RESOURCES_FOLDER_PATH}/CodeScan.bundle",
			);
			runOnlyForDeploymentPostprocessing = 0;
			shellPath = /bin/sh;
			shellScript = "\"${PODS_ROOT}/Target Support Files/Pods-JDScanDemo/Pods-JDScanDemo-resources.sh\"\n";
			showEnvVarsInLog = 0;
		};
		CF9BF86C6515D72A18935DE1 /* [CP] Check Pods Manifest.lock */ = {
			isa = PBXShellScriptBuildPhase;
			buildActionMask = 2147483647;
			files = (
			);
			inputPaths = (
				"${PODS_PODFILE_DIR_PATH}/Podfile.lock",
				"${PODS_ROOT}/Manifest.lock",
			);
			name = "[CP] Check Pods Manifest.lock";
			outputPaths = (
				"$(DERIVED_FILE_DIR)/Pods-JDScanDemo-checkManifestLockResult.txt",
			);
			runOnlyForDeploymentPostprocessing = 0;
			shellPath = /bin/sh;
			shellScript = "diff \"${PODS_PODFILE_DIR_PATH}/Podfile.lock\" \"${PODS_ROOT}/Manifest.lock\" > /dev/null\nif [ $? != 0 ] ; then\n    # print error to STDERR\n    echo \"error: The sandbox is not in sync with the Podfile.lock. Run 'pod install' or update your CocoaPods installation.\" >&2\n    exit 1\nfi\n# This output is used by Xcode 'outputs' to avoid re-running this script phase.\necho \"SUCCESS\" > \"${SCRIPT_OUTPUT_FILE_0}\"\n";
			showEnvVarsInLog = 0;
		};
/* End PBXShellScriptBuildPhase section */

/* Begin PBXSourcesBuildPhase section */
		73584FA91E1CD62300ED6A60 /* Sources */ = {
			isa = PBXSourcesBuildPhase;
			buildActionMask = 2147483647;
			files = (
				735850111E1CFA5800ED6A60 /* ScanResultViewController.m in Sources */,
				735461991E1E44B900F9F7FC /* UIImageView+CornerRadius.m in Sources */,
				734E165E1E237B2F00120818 /* README.md in Sources */,
				73584FB51E1CD62300ED6A60 /* AppDelegate.m in Sources */,
				733CF2F81EE570F300AD1DC7 /* DemoScanViewController.m in Sources */,
				6935764722DC519200EF8A7A /* DemoStyle.m in Sources */,
				7354618D1E1E402600F9F7FC /* DemoCreateBarCodeViewController.m in Sources */,
				77576ECE1FEF741F00578A6B /* JDPermissionCamera.m in Sources */,
				73584FF21E1CE4B900ED6A60 /* UIAlertController+supportedInterfaceOrientations.m in Sources */,
				8D06C00822446BDC002DE116 /* JDPermissionPhotos.m in Sources */,
				77576ECA1FEF741F00578A6B /* JDPermissionSetting.m in Sources */,
				73584FF51E1CE4B900ED6A60 /* JDAlertAction.m in Sources */,
				77576ECF1FEF741F00578A6B /* JDPermission.m in Sources */,
				73584FF11E1CE4B900ED6A60 /* UIActionSheet+JDAlertAction.m in Sources */,
				73584FB21E1CD62300ED6A60 /* main.m in Sources */,
				73584FF81E1CECC700ED6A60 /* DemoListTableViewController.m in Sources */,
				73584FF31E1CE4B900ED6A60 /* UIAlertView+JDAlertAction.m in Sources */,
			);
			runOnlyForDeploymentPostprocessing = 0;
		};
/* End PBXSourcesBuildPhase section */

/* Begin PBXVariantGroup section */
		73584FBE1E1CD62300ED6A60 /* LaunchScreen.storyboard */ = {
			isa = PBXVariantGroup;
			children = (
				73584FBF1E1CD62300ED6A60 /* Base */,
				739FD57D1E8F58D2007D75D3 /* zh-Hans */,
			);
			name = LaunchScreen.storyboard;
			sourceTree = "<group>";
		};
/* End PBXVariantGroup section */

/* Begin XCBuildConfiguration section */
		73584FC21E1CD62300ED6A60 /* Debug */ = {
			isa = XCBuildConfiguration;
			buildSettings = {
				ALWAYS_SEARCH_USER_PATHS = NO;
				CLANG_ANALYZER_LOCALIZABILITY_NONLOCALIZED = YES;
				CLANG_ANALYZER_NONNULL = YES;
				CLANG_CXX_LANGUAGE_STANDARD = "gnu++0x";
				CLANG_CXX_LIBRARY = "libc++";
				CLANG_ENABLE_MODULES = YES;
				CLANG_ENABLE_OBJC_ARC = YES;
				CLANG_WARN_BOOL_CONVERSION = YES;
				CLANG_WARN_CONSTANT_CONVERSION = YES;
				CLANG_WARN_DIRECT_OBJC_ISA_USAGE = YES_ERROR;
				CLANG_WARN_DOCUMENTATION_COMMENTS = YES;
				CLANG_WARN_EMPTY_BODY = YES;
				CLANG_WARN_ENUM_CONVERSION = YES;
				CLANG_WARN_INFINITE_RECURSION = YES;
				CLANG_WARN_INT_CONVERSION = YES;
				CLANG_WARN_OBJC_ROOT_CLASS = YES_ERROR;
				CLANG_WARN_SUSPICIOUS_MOVES = YES;
				CLANG_WARN_UNREACHABLE_CODE = YES;
				CLANG_WARN__DUPLICATE_METHOD_MATCH = YES;
				"CODE_SIGN_IDENTITY[sdk=iphoneos*]" = "iPhone Developer";
				COPY_PHASE_STRIP = NO;
				DEBUG_INFORMATION_FORMAT = dwarf;
				ENABLE_STRICT_OBJC_MSGSEND = YES;
				ENABLE_TESTABILITY = YES;
				GCC_C_LANGUAGE_STANDARD = gnu99;
				GCC_DYNAMIC_NO_PIC = NO;
				GCC_NO_COMMON_BLOCKS = YES;
				GCC_OPTIMIZATION_LEVEL = 0;
				GCC_PREPROCESSOR_DEFINITIONS = (
					"DEBUG=1",
					"$(inherited)",
				);
				GCC_WARN_64_TO_32_BIT_CONVERSION = YES;
				GCC_WARN_ABOUT_RETURN_TYPE = YES_ERROR;
				GCC_WARN_UNDECLARED_SELECTOR = YES;
				GCC_WARN_UNINITIALIZED_AUTOS = YES_AGGRESSIVE;
				GCC_WARN_UNUSED_FUNCTION = YES;
				GCC_WARN_UNUSED_VARIABLE = YES;
				IPHONEOS_DEPLOYMENT_TARGET = 10.1;
				MTL_ENABLE_DEBUG_INFO = YES;
				ONLY_ACTIVE_ARCH = YES;
				SDKROOT = iphoneos;
			};
			name = Debug;
		};
		73584FC31E1CD62300ED6A60 /* Release */ = {
			isa = XCBuildConfiguration;
			buildSettings = {
				ALWAYS_SEARCH_USER_PATHS = NO;
				CLANG_ANALYZER_LOCALIZABILITY_NONLOCALIZED = YES;
				CLANG_ANALYZER_NONNULL = YES;
				CLANG_CXX_LANGUAGE_STANDARD = "gnu++0x";
				CLANG_CXX_LIBRARY = "libc++";
				CLANG_ENABLE_MODULES = YES;
				CLANG_ENABLE_OBJC_ARC = YES;
				CLANG_WARN_BOOL_CONVERSION = YES;
				CLANG_WARN_CONSTANT_CONVERSION = YES;
				CLANG_WARN_DIRECT_OBJC_ISA_USAGE = YES_ERROR;
				CLANG_WARN_DOCUMENTATION_COMMENTS = YES;
				CLANG_WARN_EMPTY_BODY = YES;
				CLANG_WARN_ENUM_CONVERSION = YES;
				CLANG_WARN_INFINITE_RECURSION = YES;
				CLANG_WARN_INT_CONVERSION = YES;
				CLANG_WARN_OBJC_ROOT_CLASS = YES_ERROR;
				CLANG_WARN_SUSPICIOUS_MOVES = YES;
				CLANG_WARN_UNREACHABLE_CODE = YES;
				CLANG_WARN__DUPLICATE_METHOD_MATCH = YES;
				"CODE_SIGN_IDENTITY[sdk=iphoneos*]" = "iPhone Developer";
				COPY_PHASE_STRIP = NO;
				DEBUG_INFORMATION_FORMAT = "dwarf-with-dsym";
				ENABLE_NS_ASSERTIONS = NO;
				ENABLE_STRICT_OBJC_MSGSEND = YES;
				GCC_C_LANGUAGE_STANDARD = gnu99;
				GCC_NO_COMMON_BLOCKS = YES;
				GCC_WARN_64_TO_32_BIT_CONVERSION = YES;
				GCC_WARN_ABOUT_RETURN_TYPE = YES_ERROR;
				GCC_WARN_UNDECLARED_SELECTOR = YES;
				GCC_WARN_UNINITIALIZED_AUTOS = YES_AGGRESSIVE;
				GCC_WARN_UNUSED_FUNCTION = YES;
				GCC_WARN_UNUSED_VARIABLE = YES;
				IPHONEOS_DEPLOYMENT_TARGET = 10.1;
				MTL_ENABLE_DEBUG_INFO = NO;
				SDKROOT = iphoneos;
				VALIDATE_PRODUCT = YES;
			};
			name = Release;
		};
		73584FC51E1CD62300ED6A60 /* Debug */ = {
			isa = XCBuildConfiguration;
			baseConfigurationReference = 9C3A47C1D9790A2B13C41D80 /* Pods-JDScanDemo.debug.xcconfig */;
			buildSettings = {
				ASSETCATALOG_COMPILER_APPICON_NAME = AppIcon;
				CODE_SIGN_IDENTITY = "iPhone Developer";
				CODE_SIGN_STYLE = Manual;
				DEVELOPMENT_TEAM = T7HCGCDP9B;
				ENABLE_BITCODE = NO;
				GCC_PRECOMPILE_PREFIX_HEADER = YES;
				GCC_PREFIX_HEADER = "";
				INFOPLIST_FILE = JDScanDemo/Info.plist;
				IPHONEOS_DEPLOYMENT_TARGET = 8.0;
				LD_RUNPATH_SEARCH_PATHS = "$(inherited) @executable_path/Frameworks";
				LIBRARY_SEARCH_PATHS = "$(inherited)";
				ONLY_ACTIVE_ARCH = YES;
				PRODUCT_BUNDLE_IDENTIFIER = com.pp.sports1;
				PRODUCT_NAME = "$(TARGET_NAME)";
				PROVISIONING_PROFILE = "";
				PROVISIONING_PROFILE_SPECIFIER = "development pp wildcard";
			};
			name = Debug;
		};
		73584FC61E1CD62300ED6A60 /* Release */ = {
			isa = XCBuildConfiguration;
			baseConfigurationReference = 5F97635BCA44FFDC4DF76740 /* Pods-JDScanDemo.release.xcconfig */;
			buildSettings = {
				ASSETCATALOG_COMPILER_APPICON_NAME = AppIcon;
				CODE_SIGN_IDENTITY = "iPhone Developer";
				CODE_SIGN_STYLE = Manual;
				DEVELOPMENT_TEAM = "";
				ENABLE_BITCODE = NO;
				GCC_PRECOMPILE_PREFIX_HEADER = YES;
				GCC_PREFIX_HEADER = "";
				INFOPLIST_FILE = JDScanDemo/Info.plist;
				IPHONEOS_DEPLOYMENT_TARGET = 8.0;
				LD_RUNPATH_SEARCH_PATHS = "$(inherited) @executable_path/Frameworks";
				LIBRARY_SEARCH_PATHS = "$(inherited)";
				PRODUCT_BUNDLE_IDENTIFIER = com.pp.sports1;
				PRODUCT_NAME = "$(TARGET_NAME)";
				PROVISIONING_PROFILE_SPECIFIER = "";
			};
			name = Release;
		};
/* End XCBuildConfiguration section */

/* Begin XCConfigurationList section */
		73584FA81E1CD62300ED6A60 /* Build configuration list for PBXProject "JDScanDemo" */ = {
			isa = XCConfigurationList;
			buildConfigurations = (
				73584FC21E1CD62300ED6A60 /* Debug */,
				73584FC31E1CD62300ED6A60 /* Release */,
			);
			defaultConfigurationIsVisible = 0;
			defaultConfigurationName = Release;
		};
		73584FC41E1CD62300ED6A60 /* Build configuration list for PBXNativeTarget "JDScanDemo" */ = {
			isa = XCConfigurationList;
			buildConfigurations = (
				73584FC51E1CD62300ED6A60 /* Debug */,
				73584FC61E1CD62300ED6A60 /* Release */,
			);
			defaultConfigurationIsVisible = 0;
			defaultConfigurationName = Release;
		};
/* End XCConfigurationList section */
	};
	rootObject = 73584FA51E1CD62300ED6A60 /* Project object */;
}
