PODS:
  - JDScan (1.0):
    - JDScan/UI (= 1.0)
  - JDScan/UI (1.0):
    - JDScan/ZXing
  - JDScan/ZXing (1.0):
    - ZXingObjC (= 3.1.1)
  - ZXingObjC (3.1.1):
    - ZXingObjC/All (= 3.1.1)
  - ZXingObjC/All (3.1.1)

DEPENDENCIES:
  - JDScan (from `../`)

SPEC REPOS:
  http://opensource.cnsuning.com/thirdparty/thirdpartyspecs.git:
    - ZXingObjC

EXTERNAL SOURCES:
  JDScan:
    :path: "../"

SPEC CHECKSUMS:
  JDScan: 082ea11c2b3b286f3aaea647ec23d9bfa859f923
  ZXingObjC: c291fcc548db6b211759f307936c4dbab9ae1e79

PODFILE CHECKSUM: a568a75a2123c8e631fa63700e8f006b92727760

COCOAPODS: 1.7.3
